{
  "name": "agentops",
  "version": "1.0.0",
  "lockfileVersion": 3,
  "requires": true,
  "packages": {
    "": {
      "name": "agentops",
      "version": "1.0.0",
      "license": "ISC",
      "dependencies": {
        "htmx.org": "^2.0.10"
      },
      "devDependencies": {
        "daisyui": "^5.5.23",
        "tailwindcss": "^4.3.1"
      }
    },
    "node_modules/daisyui": {
      "version": "5.5.23",
      "resolved": "https://registry.npmjs.org/daisyui/-/daisyui-5.5.23.tgz",
      "integrity": "sha512-xuheNUSL4T6ZVtWXoioqcNkjoyGX85QTDz4HTw2aBPfqk4fuMjax5HDo8qCmpV6M1YN8bGvfx5BpYCoDeRlt+A==",
      "dev": true,
      "license": "MIT",
      "funding": {
        "url": "https://github.com/saadeghi/daisyui?sponsor=1"
      }
    },
    "node_modules/htmx.org": {
      "version": "2.0.10",
      "resolved": "https://registry.npmjs.org/htmx.org/-/htmx.org-2.0.10.tgz",
      "integrity": "sha512-kdeJe7ZVwaS6QMz/ebBIVtZdpwen6L0OQ5GOhPV9MKBb196TCZeZu4yA7ZIQsaLKv7EpXz+So7KSXNuHXhj7Cw==",
      "license": "0BSD"
    },
    "node_modules/tailwindcss": {
      "version": "4.3.1",
      "resolved": "https://registry.npmjs.org/tailwindcss/-/tailwindcss-4.3.1.tgz",
      "integrity": "sha512-hk+TB1m+K8CYNrP6rjQaq/Y+4Zylwpa87mLYBKCunwnnQ9p+fHb7kmSfGqyEJoxF/O6CDyABWVFEafNSYKll+Q==",
      "dev": true,
      "license": "MIT"
    }
  }
}
